
Microsoft Visual Studio Solution File, Format Version 12.00
# Visual Studio Version 17
VisualStudioVersion = 17.0.31903.59
MinimumVisualStudioVersion = 10.0.40219.1
Project("{2150E333-8FDC-42A3-9474-1A3956D46DE8}") = "src", "src", "{0B24C4C1-CCB5-4C06-9B9F-B5961424F7F4}"
EndProject
Project("{FAE04EC0-301F-11D3-BF4B-00C04F79EFBC}") = "Chirp.CLI", "src\Chirp.CLI\Chirp.CLI.csproj", "{F682C084-E7CD-427F-8E07-0ABF5B840F15}"
EndProject
Project("{FAE04EC0-301F-11D3-BF4B-00C04F79EFBC}") = "SimpleDB", "src\SimpleDB\SimpleDB.csproj", "{82597B95-F740-4716-9B69-2D08DEA48B9D}"
EndProject
Project("{2150E333-8FDC-42A3-9474-1A3956D46DE8}") = "test", "test", "{87255F97-AFFA-4629-8778-89FF9A0DD2A6}"
EndProject
Project("{FAE04EC0-301F-11D3-BF4B-00C04F79EFBC}") = "Chirp.CLI.test", "test\Chirp.CLI.test\Chirp.CLI.test.csproj", "{834D1EEB-37A2-4F37-82BE-98C62C1043E3}"
EndProject
Project("{FAE04EC0-301F-11D3-BF4B-00C04F79EFBC}") = "SimpleDB.test", "test\SimpleDB.test\SimpleDB.test.csproj", "{F0FF54BE-5B8A-40C9-8DAA-DDA00D4FDD68}"
EndProject
Global
	GlobalSection(SolutionConfigurationPlatforms) = preSolution
		Debug|Any CPU = Debug|Any CPU
		Release|Any CPU = Release|Any CPU
	EndGlobalSection
	GlobalSection(SolutionProperties) = preSolution
		HideSolutionNode = FALSE
	EndGlobalSection
	GlobalSection(ProjectConfigurationPlatforms) = postSolution
		{F682C084-E7CD-427F-8E07-0ABF5B840F15}.Debug|Any CPU.ActiveCfg = Debug|Any CPU
		{F682C084-E7CD-427F-8E07-0ABF5B840F15}.Debug|Any CPU.Build.0 = Debug|Any CPU
		{F682C084-E7CD-427F-8E07-0ABF5B840F15}.Release|Any CPU.ActiveCfg = Release|Any CPU
		{F682C084-E7CD-427F-8E07-0ABF5B840F15}.Release|Any CPU.Build.0 = Release|Any CPU
		{82597B95-F740-4716-9B69-2D08DEA48B9D}.Debug|Any CPU.ActiveCfg = Debug|Any CPU
		{82597B95-F740-4716-9B69-2D08DEA48B9D}.Debug|Any CPU.Build.0 = Debug|Any CPU
		{82597B95-F740-4716-9B69-2D08DEA48B9D}.Release|Any CPU.ActiveCfg = Release|Any CPU
		{82597B95-F740-4716-9B69-2D08DEA48B9D}.Release|Any CPU.Build.0 = Release|Any CPU
		{834D1EEB-37A2-4F37-82BE-98C62C1043E3}.Debug|Any CPU.ActiveCfg = Debug|Any CPU
		{834D1EEB-37A2-4F37-82BE-98C62C1043E3}.Debug|Any CPU.Build.0 = Debug|Any CPU
		{834D1EEB-37A2-4F37-82BE-98C62C1043E3}.Release|Any CPU.ActiveCfg = Release|Any CPU
		{834D1EEB-37A2-4F37-82BE-98C62C1043E3}.Release|Any CPU.Build.0 = Release|Any CPU
		{F0FF54BE-5B8A-40C9-8DAA-DDA00D4FDD68}.Debug|Any CPU.ActiveCfg = Debug|Any CPU
		{F0FF54BE-5B8A-40C9-8DAA-DDA00D4FDD68}.Debug|Any CPU.Build.0 = Debug|Any CPU
		{F0FF54BE-5B8A-40C9-8DAA-DDA00D4FDD68}.Release|Any CPU.ActiveCfg = Release|Any CPU
		{F0FF54BE-5B8A-40C9-8DAA-DDA00D4FDD68}.Release|Any CPU.Build.0 = Release|Any CPU
	EndGlobalSection
	GlobalSection(NestedProjects) = preSolution
		{F682C084-E7CD-427F-8E07-0ABF5B840F15} = {0B24C4C1-CCB5-4C06-9B9F-B5961424F7F4}
		{82597B95-F740-4716-9B69-2D08DEA48B9D} = {0B24C4C1-CCB5-4C06-9B9F-B5961424F7F4}
		{834D1EEB-37A2-4F37-82BE-98C62C1043E3} = {87255F97-AFFA-4629-8778-89FF9A0DD2A6}
		{F0FF54BE-5B8A-40C9-8DAA-DDA00D4FDD68} = {87255F97-AFFA-4629-8778-89FF9A0DD2A6}
	EndGlobalSection
EndGlobal
