
Microsoft Visual Studio Solution File, Format Version 12.00
# Visual Studio Version 17
VisualStudioVersion = 17.0.31903.59
MinimumVisualStudioVersion = 10.0.40219.1
<<<<<<< HEAD
Project("{2150E333-8FDC-42A3-9474-1A3956D46DE8}") = "src", "src", "{15D8C25C-A904-40EF-9917-79907755DA6D}"
EndProject
Project("{FAE04EC0-301F-11D3-BF4B-00C04F79EFBC}") = "Chirp.CLI", "src\Chirp.CLI\Chirp.CLI.csproj", "{74F72C83-7A95-4E51-845D-4C7CEE15B573}"
EndProject
Project("{FAE04EC0-301F-11D3-BF4B-00C04F79EFBC}") = "SimpleDB", "src\SimpleDB\SimpleDB.csproj", "{EF7B1C6F-FE63-4D6B-8DF4-895BF8949BF0}"
EndProject
Project("{2150E333-8FDC-42A3-9474-1A3956D46DE8}") = "test", "test", "{54268F33-340D-47EC-A84E-5BF1FBEE4F45}"
EndProject
Project("{FAE04EC0-301F-11D3-BF4B-00C04F79EFBC}") = "SimpleDB.test", "test\SimpleDB.test\SimpleDB.test.csproj", "{1BABC067-F23B-4FA9-92C9-C98B34AEF959}"
=======
Project("{2150E333-8FDC-42A3-9474-1A3956D46DE8}") = "src", "src", "{BAAC5CF9-63A8-4CA9-B3BD-7E2073AF79AB}"
EndProject
Project("{FAE04EC0-301F-11D3-BF4B-00C04F79EFBC}") = "Chirp.CLI", "src\Chirp.CLI\Chirp.CLI.csproj", "{DE16844D-22B7-48FC-BCE2-BDF29043EB0A}"
EndProject
Project("{FAE04EC0-301F-11D3-BF4B-00C04F79EFBC}") = "SimpleDB", "src\SimpleDB\SimpleDB.csproj", "{E677B8BE-6ED3-4073-B3B2-51E906609DF5}"
EndProject
Project("{2150E333-8FDC-42A3-9474-1A3956D46DE8}") = "test", "test", "{E78689E0-1A40-477F-A749-3BC38F7893A0}"
EndProject
Project("{FAE04EC0-301F-11D3-BF4B-00C04F79EFBC}") = "Chirp.CLI.test", "test\Chirp.CLI.test\Chirp.CLI.test.csproj", "{F65381D3-6974-4F01-B9CB-995FFECBB597}"
EndProject
Project("{FAE04EC0-301F-11D3-BF4B-00C04F79EFBC}") = "SimpleDB.test", "test\SimpleDB.test\SimpleDB.test.csproj", "{581285D6-1D4C-451A-BD0C-51E9D1DFC495}"
>>>>>>> 3b11e4f821a3bb5632f88825ab5581e54235bf71
EndProject
Global
	GlobalSection(SolutionConfigurationPlatforms) = preSolution
		Debug|Any CPU = Debug|Any CPU
		Release|Any CPU = Release|Any CPU
	EndGlobalSection
	GlobalSection(SolutionProperties) = preSolution
		HideSolutionNode = FALSE
	EndGlobalSection
	GlobalSection(ProjectConfigurationPlatforms) = postSolution
<<<<<<< HEAD
		{74F72C83-7A95-4E51-845D-4C7CEE15B573}.Debug|Any CPU.ActiveCfg = Debug|Any CPU
		{74F72C83-7A95-4E51-845D-4C7CEE15B573}.Debug|Any CPU.Build.0 = Debug|Any CPU
		{74F72C83-7A95-4E51-845D-4C7CEE15B573}.Release|Any CPU.ActiveCfg = Release|Any CPU
		{74F72C83-7A95-4E51-845D-4C7CEE15B573}.Release|Any CPU.Build.0 = Release|Any CPU
		{EF7B1C6F-FE63-4D6B-8DF4-895BF8949BF0}.Debug|Any CPU.ActiveCfg = Debug|Any CPU
		{EF7B1C6F-FE63-4D6B-8DF4-895BF8949BF0}.Debug|Any CPU.Build.0 = Debug|Any CPU
		{EF7B1C6F-FE63-4D6B-8DF4-895BF8949BF0}.Release|Any CPU.ActiveCfg = Release|Any CPU
		{EF7B1C6F-FE63-4D6B-8DF4-895BF8949BF0}.Release|Any CPU.Build.0 = Release|Any CPU
		{1BABC067-F23B-4FA9-92C9-C98B34AEF959}.Debug|Any CPU.ActiveCfg = Debug|Any CPU
		{1BABC067-F23B-4FA9-92C9-C98B34AEF959}.Debug|Any CPU.Build.0 = Debug|Any CPU
		{1BABC067-F23B-4FA9-92C9-C98B34AEF959}.Release|Any CPU.ActiveCfg = Release|Any CPU
		{1BABC067-F23B-4FA9-92C9-C98B34AEF959}.Release|Any CPU.Build.0 = Release|Any CPU
	EndGlobalSection
	GlobalSection(NestedProjects) = preSolution
		{74F72C83-7A95-4E51-845D-4C7CEE15B573} = {15D8C25C-A904-40EF-9917-79907755DA6D}
		{EF7B1C6F-FE63-4D6B-8DF4-895BF8949BF0} = {15D8C25C-A904-40EF-9917-79907755DA6D}
		{1BABC067-F23B-4FA9-92C9-C98B34AEF959} = {54268F33-340D-47EC-A84E-5BF1FBEE4F45}
=======
		{DE16844D-22B7-48FC-BCE2-BDF29043EB0A}.Debug|Any CPU.ActiveCfg = Debug|Any CPU
		{DE16844D-22B7-48FC-BCE2-BDF29043EB0A}.Debug|Any CPU.Build.0 = Debug|Any CPU
		{DE16844D-22B7-48FC-BCE2-BDF29043EB0A}.Release|Any CPU.ActiveCfg = Release|Any CPU
		{DE16844D-22B7-48FC-BCE2-BDF29043EB0A}.Release|Any CPU.Build.0 = Release|Any CPU
		{E677B8BE-6ED3-4073-B3B2-51E906609DF5}.Debug|Any CPU.ActiveCfg = Debug|Any CPU
		{E677B8BE-6ED3-4073-B3B2-51E906609DF5}.Debug|Any CPU.Build.0 = Debug|Any CPU
		{E677B8BE-6ED3-4073-B3B2-51E906609DF5}.Release|Any CPU.ActiveCfg = Release|Any CPU
		{E677B8BE-6ED3-4073-B3B2-51E906609DF5}.Release|Any CPU.Build.0 = Release|Any CPU
		{F65381D3-6974-4F01-B9CB-995FFECBB597}.Debug|Any CPU.ActiveCfg = Debug|Any CPU
		{F65381D3-6974-4F01-B9CB-995FFECBB597}.Debug|Any CPU.Build.0 = Debug|Any CPU
		{F65381D3-6974-4F01-B9CB-995FFECBB597}.Release|Any CPU.ActiveCfg = Release|Any CPU
		{F65381D3-6974-4F01-B9CB-995FFECBB597}.Release|Any CPU.Build.0 = Release|Any CPU
		{581285D6-1D4C-451A-BD0C-51E9D1DFC495}.Debug|Any CPU.ActiveCfg = Debug|Any CPU
		{581285D6-1D4C-451A-BD0C-51E9D1DFC495}.Debug|Any CPU.Build.0 = Debug|Any CPU
		{581285D6-1D4C-451A-BD0C-51E9D1DFC495}.Release|Any CPU.ActiveCfg = Release|Any CPU
		{581285D6-1D4C-451A-BD0C-51E9D1DFC495}.Release|Any CPU.Build.0 = Release|Any CPU
	EndGlobalSection
	GlobalSection(NestedProjects) = preSolution
		{DE16844D-22B7-48FC-BCE2-BDF29043EB0A} = {BAAC5CF9-63A8-4CA9-B3BD-7E2073AF79AB}
		{E677B8BE-6ED3-4073-B3B2-51E906609DF5} = {BAAC5CF9-63A8-4CA9-B3BD-7E2073AF79AB}
		{F65381D3-6974-4F01-B9CB-995FFECBB597} = {E78689E0-1A40-477F-A749-3BC38F7893A0}
		{581285D6-1D4C-451A-BD0C-51E9D1DFC495} = {E78689E0-1A40-477F-A749-3BC38F7893A0}
>>>>>>> 3b11e4f821a3bb5632f88825ab5581e54235bf71
	EndGlobalSection
EndGlobal
