
Microsoft Visual Studio Solution File, Format Version 12.00
# Visual Studio Version 17
VisualStudioVersion = 17.0.31903.59
MinimumVisualStudioVersion = 10.0.40219.1
Project("{2150E333-8FDC-42A3-9474-1A3956D46DE8}") = "src", "src", "{C1A3BFD9-AE6D-455E-AAEE-2361451556F6}"
EndProject
Project("{FAE04EC0-301F-11D3-BF4B-00C04F79EFBC}") = "Chirp.Web", "src\Chirp.Web\Chirp.Web.csproj", "{7681DE3A-3927-484D-A938-220AE79F24A2}"
EndProject
Project("{FAE04EC0-301F-11D3-BF4B-00C04F79EFBC}") = "Chirp.Infrastructure", "src\Chirp.Infrastructure\Chirp.Infrastructure.csproj", "{B6D4908E-9B72-4907-AB0C-7FD1C7D381CD}"
EndProject
Project("{FAE04EC0-301F-11D3-BF4B-00C04F79EFBC}") = "Chirp.Core", "src\Chirp.Core\Chirp.Core.csproj", "{1C901D8A-59DD-4875-9A39-48BF27E5A6BD}"
EndProject
Project("{2150E333-8FDC-42A3-9474-1A3956D46DE8}") = "test", "test", "{DF2C906A-0804-44EC-B62D-BF0948EE4E97}"
EndProject
Project("{FAE04EC0-301F-11D3-BF4B-00C04F79EFBC}") = "Chirp.Razor.Tests", "test\Chirp.Razor.Tests\Chirp.Razor.Tests.csproj", "{D1F999AE-4D66-470B-A142-1F6A85FA209D}"
EndProject
Project("{FAE04EC0-301F-11D3-BF4B-00C04F79EFBC}") = "ChirpDatabase.Tests", "test\ChirpDatabase.Tests\ChirpDatabase.Tests.csproj", "{A613BF45-F8A5-48A3-998E-947F296482A2}"
EndProject
Global
	GlobalSection(SolutionConfigurationPlatforms) = preSolution
		Debug|Any CPU = Debug|Any CPU
		Release|Any CPU = Release|Any CPU
	EndGlobalSection
	GlobalSection(SolutionProperties) = preSolution
		HideSolutionNode = FALSE
	EndGlobalSection
	GlobalSection(ProjectConfigurationPlatforms) = postSolution
		{7681DE3A-3927-484D-A938-220AE79F24A2}.Debug|Any CPU.ActiveCfg = Debug|Any CPU
		{7681DE3A-3927-484D-A938-220AE79F24A2}.Debug|Any CPU.Build.0 = Debug|Any CPU
		{7681DE3A-3927-484D-A938-220AE79F24A2}.Release|Any CPU.ActiveCfg = Release|Any CPU
		{7681DE3A-3927-484D-A938-220AE79F24A2}.Release|Any CPU.Build.0 = Release|Any CPU
		{B6D4908E-9B72-4907-AB0C-7FD1C7D381CD}.Debug|Any CPU.ActiveCfg = Debug|Any CPU
		{B6D4908E-9B72-4907-AB0C-7FD1C7D381CD}.Debug|Any CPU.Build.0 = Debug|Any CPU
		{B6D4908E-9B72-4907-AB0C-7FD1C7D381CD}.Release|Any CPU.ActiveCfg = Release|Any CPU
		{B6D4908E-9B72-4907-AB0C-7FD1C7D381CD}.Release|Any CPU.Build.0 = Release|Any CPU
		{1C901D8A-59DD-4875-9A39-48BF27E5A6BD}.Debug|Any CPU.ActiveCfg = Debug|Any CPU
		{1C901D8A-59DD-4875-9A39-48BF27E5A6BD}.Debug|Any CPU.Build.0 = Debug|Any CPU
		{1C901D8A-59DD-4875-9A39-48BF27E5A6BD}.Release|Any CPU.ActiveCfg = Release|Any CPU
		{1C901D8A-59DD-4875-9A39-48BF27E5A6BD}.Release|Any CPU.Build.0 = Release|Any CPU
		{D1F999AE-4D66-470B-A142-1F6A85FA209D}.Debug|Any CPU.ActiveCfg = Debug|Any CPU
		{D1F999AE-4D66-470B-A142-1F6A85FA209D}.Debug|Any CPU.Build.0 = Debug|Any CPU
		{D1F999AE-4D66-470B-A142-1F6A85FA209D}.Release|Any CPU.ActiveCfg = Release|Any CPU
		{D1F999AE-4D66-470B-A142-1F6A85FA209D}.Release|Any CPU.Build.0 = Release|Any CPU
		{A613BF45-F8A5-48A3-998E-947F296482A2}.Debug|Any CPU.ActiveCfg = Debug|Any CPU
		{A613BF45-F8A5-48A3-998E-947F296482A2}.Debug|Any CPU.Build.0 = Debug|Any CPU
		{A613BF45-F8A5-48A3-998E-947F296482A2}.Release|Any CPU.ActiveCfg = Release|Any CPU
		{A613BF45-F8A5-48A3-998E-947F296482A2}.Release|Any CPU.Build.0 = Release|Any CPU
	EndGlobalSection
	GlobalSection(NestedProjects) = preSolution
		{7681DE3A-3927-484D-A938-220AE79F24A2} = {C1A3BFD9-AE6D-455E-AAEE-2361451556F6}
		{B6D4908E-9B72-4907-AB0C-7FD1C7D381CD} = {C1A3BFD9-AE6D-455E-AAEE-2361451556F6}
		{1C901D8A-59DD-4875-9A39-48BF27E5A6BD} = {C1A3BFD9-AE6D-455E-AAEE-2361451556F6}
		{D1F999AE-4D66-470B-A142-1F6A85FA209D} = {DF2C906A-0804-44EC-B62D-BF0948EE4E97}
		{A613BF45-F8A5-48A3-998E-947F296482A2} = {DF2C906A-0804-44EC-B62D-BF0948EE4E97}
	EndGlobalSection
EndGlobal
